{
  "version": 4,
  "terraform_version": "1.12.0",
  "serial": 31,
  "lineage": "28b26798-69ce-b3b5-fa7c-d1b467455736",
  "outputs": {},
  "resources": [
    {
      "mode": "data",
      "type": "aws_iam_policy_document",
      "name": "adherent_bucket_access",
      "provider": "provider[\"registry.terraform.io/hashicorp/aws\"]",
      "instances": [
        {
          "schema_version": 0,
          "attributes": {
            "id": "1180371028",
            "json": "{\n  \"Version\": \"2012-10-17\",\n  \"Statement\": [\n    {\n      \"Effect\": \"Allow\",\n      \"Action\": \"s3:*\",\n      \"Resource\": [\n        \"arn:aws:s3:::incoming-pc-adherent/*\",\n        \"arn:aws:s3:::incoming-pc-adherent\"\n      ]\n    }\n  ]\n}",
            "minified_json": "{\"Version\":\"2012-10-17\",\"Statement\":[{\"Effect\":\"Allow\",\"Action\":\"s3:*\",\"Resource\":[\"arn:aws:s3:::incoming-pc-adherent/*\",\"arn:aws:s3:::incoming-pc-adherent\"]}]}",
            "override_json": null,
            "override_policy_documents": null,
            "policy_id": null,
            "source_json": null,
            "source_policy_documents": null,
            "statement": [
              {
                "actions": [
                  "s3:*"
                ],
                "condition": [],
                "effect": "Allow",
                "not_actions": [],
                "not_principals": [],
                "not_resources": [],
                "principals": [],
                "resources": [
                  "arn:aws:s3:::incoming-pc-adherent",
                  "arn:aws:s3:::incoming-pc-adherent/*"
                ],
                "sid": ""
              }
            ],
            "version": "2012-10-17"
          },
          "sensitive_attributes": [],
          "identity_schema_version": 0
        }
      ]
    },
    {
      "mode": "data",
      "type": "aws_iam_policy_document",
      "name": "s3_full_access",
      "provider": "provider[\"registry.terraform.io/hashicorp/aws\"]",
      "instances": [
        {
          "schema_version": 0,
          "attributes": {
            "id": "3125787031",
            "json": "{\n  \"Version\": \"2012-10-17\",\n  \"Statement\": [\n    {\n      \"Effect\": \"Allow\",\n      \"Action\": \"s3:*\",\n      \"Resource\": \"*\"\n    }\n  ]\n}",
            "minified_json": "{\"Version\":\"2012-10-17\",\"Statement\":[{\"Effect\":\"Allow\",\"Action\":\"s3:*\",\"Resource\":\"*\"}]}",
            "override_json": null,
            "override_policy_documents": null,
            "policy_id": null,
            "source_json": null,
            "source_policy_documents": null,
            "statement": [
              {
                "actions": [
                  "s3:*"
                ],
                "condition": [],
                "effect": "Allow",
                "not_actions": [],
                "not_principals": [],
                "not_resources": [],
                "principals": [],
                "resources": [
                  "*"
                ],
                "sid": ""
              }
            ],
            "version": "2012-10-17"
          },
          "sensitive_attributes": [],
          "identity_schema_version": 0
        }
      ]
    },
    {
      "mode": "managed",
      "type": "aws_iam_group",
      "name": "groups",
      "provider": "provider[\"registry.terraform.io/hashicorp/aws\"]",
      "instances": [
        {
          "index_key": "etl-dataanalyst",
          "schema_version": 0,
          "attributes": {
            "arn": "arn:aws:iam::993756262222:group/etl-dataanalyst",
            "id": "etl-dataanalyst",
            "name": "etl-dataanalyst",
            "path": "/",
            "unique_id": "AGPA6OYD5F5HN6W73UTXO"
          },
          "sensitive_attributes": [],
          "identity_schema_version": 0,
          "private": "bnVsbA=="
        },
        {
          "index_key": "etl-developers",
          "schema_version": 0,
          "attributes": {
            "arn": "arn:aws:iam::993756262222:group/etl-developers",
            "id": "etl-developers",
            "name": "etl-developers",
            "path": "/",
            "unique_id": "AGPA6OYD5F5HNOABMXT35"
          },
          "sensitive_attributes": [],
          "identity_schema_version": 0,
          "private": "bnVsbA=="
        },
        {
          "index_key": "ext_adherent_users_group",
          "schema_version": 0,
          "attributes": {
            "arn": "arn:aws:iam::993756262222:group/ext_adherent_users_group",
            "id": "ext_adherent_users_group",
            "name": "ext_adherent_users_group",
            "path": "/",
            "unique_id": "AGPA6OYD5F5HJP62NL5DS"
          },
          "sensitive_attributes": [],
          "identity_schema_version": 0,
          "private": "bnVsbA=="
        }
      ]
    },
    {
      "mode": "managed",
      "type": "aws_iam_group_policy_attachment",
      "name": "attachments",
      "provider": "provider[\"registry.terraform.io/hashicorp/aws\"]",
      "instances": [
        {
          "index_key": "etl-dataanalyst-AmazonDynamoDBReadOnlyAccess",
          "schema_version": 0,
          "attributes": {
            "group": "etl-dataanalyst",
            "id": "etl-dataanalyst-20250704155313307000000001",
            "policy_arn": "arn:aws:iam::aws:policy/AmazonDynamoDBReadOnlyAccess"
          },
          "sensitive_attributes": [],
          "identity_schema_version": 0,
          "private": "bnVsbA==",
          "dependencies": [
            "aws_iam_group.groups",
            "aws_iam_policy.adherent_bucket_access",
            "aws_iam_policy.s3_full_access",
            "data.aws_iam_policy_document.adherent_bucket_access",
            "data.aws_iam_policy_document.s3_full_access"
          ]
        },
        {
          "index_key": "etl-dataanalyst-s3_full_access",
          "schema_version": 0,
          "attributes": {
            "group": "etl-dataanalyst",
            "id": "etl-dataanalyst-20250704155313435300000002",
            "policy_arn": "arn:aws:iam::993756262222:policy/S3FullAccessPolicy"
          },
          "sensitive_attributes": [],
          "identity_schema_version": 0,
          "private": "bnVsbA==",
          "dependencies": [
            "aws_iam_group.groups",
            "aws_iam_policy.adherent_bucket_access",
            "aws_iam_policy.s3_full_access",
            "data.aws_iam_policy_document.adherent_bucket_access",
            "data.aws_iam_policy_document.s3_full_access"
          ]
        },
        {
          "index_key": "etl-developers-s3_full_access",
          "schema_version": 0,
          "attributes": {
            "group": "etl-developers",
            "id": "etl-developers-20250704155313457800000003",
            "policy_arn": "arn:aws:iam::993756262222:policy/S3FullAccessPolicy"
          },
          "sensitive_attributes": [],
          "identity_schema_version": 0,
          "private": "bnVsbA==",
          "dependencies": [
            "aws_iam_group.groups",
            "aws_iam_policy.adherent_bucket_access",
            "aws_iam_policy.s3_full_access",
            "data.aws_iam_policy_document.adherent_bucket_access",
            "data.aws_iam_policy_document.s3_full_access"
          ]
        },
        {
          "index_key": "ext_adherent_users_group-AdherentBucketFullAccess",
          "schema_version": 0,
          "attributes": {
            "group": "ext_adherent_users_group",
            "id": "ext_adherent_users_group-20250705022939238800000001",
            "policy_arn": "arn:aws:iam::993756262222:policy/AdherentBucketFullAccess"
          },
          "sensitive_attributes": [],
          "identity_schema_version": 0,
          "private": "bnVsbA==",
          "dependencies": [
            "aws_iam_group.groups",
            "aws_iam_policy.adherent_bucket_access",
            "aws_iam_policy.s3_full_access",
            "data.aws_iam_policy_document.adherent_bucket_access",
            "data.aws_iam_policy_document.s3_full_access"
          ]
        }
      ]
    },
    {
      "mode": "managed",
      "type": "aws_iam_policy",
      "name": "adherent_bucket_access",
      "provider": "provider[\"registry.terraform.io/hashicorp/aws\"]",
      "instances": [
        {
          "schema_version": 0,
          "attributes": {
            "arn": "arn:aws:iam::993756262222:policy/AdherentBucketFullAccess",
            "attachment_count": 1,
            "description": "",
            "id": "arn:aws:iam::993756262222:policy/AdherentBucketFullAccess",
            "name": "AdherentBucketFullAccess",
            "name_prefix": "",
            "path": "/",
            "policy": "{\"Statement\":[{\"Action\":\"s3:*\",\"Effect\":\"Allow\",\"Resource\":[\"arn:aws:s3:::incoming-pc-adherent/*\",\"arn:aws:s3:::incoming-pc-adherent\"]}],\"Version\":\"2012-10-17\"}",
            "policy_id": "ANPA6OYD5F5HGHWTRWKAH",
            "tags": {},
            "tags_all": {}
          },
          "sensitive_attributes": [],
          "identity_schema_version": 0,
          "private": "bnVsbA==",
          "dependencies": [
            "data.aws_iam_policy_document.adherent_bucket_access"
          ]
        }
      ]
    },
    {
      "mode": "managed",
      "type": "aws_iam_policy",
      "name": "s3_full_access",
      "provider": "provider[\"registry.terraform.io/hashicorp/aws\"]",
      "instances": [
        {
          "schema_version": 0,
          "attributes": {
            "arn": "arn:aws:iam::993756262222:policy/S3FullAccessPolicy",
            "attachment_count": 2,
            "description": "Provides full access to S3",
            "id": "arn:aws:iam::993756262222:policy/S3FullAccessPolicy",
            "name": "S3FullAccessPolicy",
            "name_prefix": "",
            "path": "/",
            "policy": "{\"Statement\":[{\"Action\":\"s3:*\",\"Effect\":\"Allow\",\"Resource\":\"*\"}],\"Version\":\"2012-10-17\"}",
            "policy_id": "ANPA6OYD5F5HGFE6RPDZP",
            "tags": {},
            "tags_all": {}
          },
          "sensitive_attributes": [],
          "identity_schema_version": 0,
          "private": "bnVsbA==",
          "dependencies": [
            "data.aws_iam_policy_document.s3_full_access"
          ]
        }
      ]
    },
    {
      "mode": "managed",
      "type": "aws_iam_user",
      "name": "users",
      "provider": "provider[\"registry.terraform.io/hashicorp/aws\"]",
      "instances": [
        {
          "index_key": "etl-user1",
          "schema_version": 0,
          "attributes": {
            "arn": "arn:aws:iam::993756262222:user/etl-user1",
            "force_destroy": false,
            "id": "etl-user1",
            "name": "etl-user1",
            "path": "/",
            "permissions_boundary": "",
            "tags": {},
            "tags_all": {},
            "unique_id": "AIDA6OYD5F5HC2O4DECQ7"
          },
          "sensitive_attributes": [],
          "identity_schema_version": 0,
          "private": "bnVsbA=="
        },
        {
          "index_key": "etl-user2",
          "schema_version": 0,
          "attributes": {
            "arn": "arn:aws:iam::993756262222:user/etl-user2",
            "force_destroy": false,
            "id": "etl-user2",
            "name": "etl-user2",
            "path": "/",
            "permissions_boundary": "",
            "tags": {},
            "tags_all": {},
            "unique_id": "AIDA6OYD5F5HGDGVZFEMX"
          },
          "sensitive_attributes": [],
          "identity_schema_version": 0,
          "private": "bnVsbA=="
        },
        {
          "index_key": "etl-user3",
          "schema_version": 0,
          "attributes": {
            "arn": "arn:aws:iam::993756262222:user/etl-user3",
            "force_destroy": false,
            "id": "etl-user3",
            "name": "etl-user3",
            "path": "/",
            "permissions_boundary": "",
            "tags": {},
            "tags_all": {},
            "unique_id": "AIDA6OYD5F5HOIGYW3IZC"
          },
          "sensitive_attributes": [],
          "identity_schema_version": 0,
          "private": "bnVsbA=="
        },
        {
          "index_key": "ext_adherent_user",
          "schema_version": 0,
          "attributes": {
            "arn": "arn:aws:iam::993756262222:user/ext_adherent_user",
            "force_destroy": false,
            "id": "ext_adherent_user",
            "name": "ext_adherent_user",
            "path": "/",
            "permissions_boundary": "",
            "tags": {},
            "tags_all": {},
            "unique_id": "AIDA6OYD5F5HJK5XQKLJC"
          },
          "sensitive_attributes": [],
          "identity_schema_version": 0,
          "private": "bnVsbA=="
        }
      ]
    },
    {
      "mode": "managed",
      "type": "aws_iam_user_group_membership",
      "name": "user_groups",
      "provider": "provider[\"registry.terraform.io/hashicorp/aws\"]",
      "instances": [
        {
          "index_key": "etl-user1",
          "schema_version": 0,
          "attributes": {
            "groups": [
              "etl-dataanalyst",
              "etl-developers"
            ],
            "id": "terraform-20250624005413544900000003",
            "user": "etl-user1"
          },
          "sensitive_attributes": [],
          "identity_schema_version": 0,
          "private": "bnVsbA==",
          "dependencies": [
            "aws_iam_group.groups",
            "aws_iam_user.users"
          ]
        },
        {
          "index_key": "etl-user2",
          "schema_version": 0,
          "attributes": {
            "groups": [
              "etl-developers"
            ],
            "id": "terraform-20250624005413445800000002",
            "user": "etl-user2"
          },
          "sensitive_attributes": [],
          "identity_schema_version": 0,
          "private": "bnVsbA==",
          "dependencies": [
            "aws_iam_group.groups",
            "aws_iam_user.users"
          ]
        },
        {
          "index_key": "etl-user3",
          "schema_version": 0,
          "attributes": {
            "groups": [
              "etl-dataanalyst"
            ],
            "id": "terraform-20250624005413445800000001",
            "user": "etl-user3"
          },
          "sensitive_attributes": [],
          "identity_schema_version": 0,
          "private": "bnVsbA==",
          "dependencies": [
            "aws_iam_group.groups",
            "aws_iam_user.users"
          ]
        },
        {
          "index_key": "ext_adherent_user",
          "schema_version": 0,
          "attributes": {
            "groups": [
              "ext_adherent_users_group"
            ],
            "id": "terraform-20250705022939333200000002",
            "user": "ext_adherent_user"
          },
          "sensitive_attributes": [],
          "identity_schema_version": 0,
          "private": "bnVsbA==",
          "dependencies": [
            "aws_iam_group.groups",
            "aws_iam_user.users"
          ]
        }
      ]
    },
    {
      "mode": "managed",
      "type": "aws_iam_user_login_profile",
      "name": "user_login",
      "provider": "provider[\"registry.terraform.io/hashicorp/aws\"]",
      "instances": [
        {
          "index_key": "etl-user1",
          "schema_version": 0,
          "attributes": {
            "encrypted_password": null,
            "id": "etl-user1",
            "key_fingerprint": null,
            "password": "VE29NzXo{Jj=Y0Vt@3hb",
            "password_length": 20,
            "password_reset_required": true,
            "pgp_key": null,
            "user": "etl-user1"
          },
          "sensitive_attributes": [
            [
              {
                "type": "get_attr",
                "value": "password"
              }
            ]
          ],
          "identity_schema_version": 0,
          "private": "bnVsbA==",
          "dependencies": [
            "aws_iam_user.users"
          ]
        },
        {
          "index_key": "etl-user2",
          "schema_version": 0,
          "attributes": {
            "encrypted_password": null,
            "id": "etl-user2",
            "key_fingerprint": null,
            "password": "|35N$X4FO+Ib^+wEx\u00262a",
            "password_length": 20,
            "password_reset_required": true,
            "pgp_key": null,
            "user": "etl-user2"
          },
          "sensitive_attributes": [
            [
              {
                "type": "get_attr",
                "value": "password"
              }
            ]
          ],
          "identity_schema_version": 0,
          "private": "bnVsbA==",
          "dependencies": [
            "aws_iam_user.users"
          ]
        },
        {
          "index_key": "etl-user3",
          "schema_version": 0,
          "attributes": {
            "encrypted_password": null,
            "id": "etl-user3",
            "key_fingerprint": null,
            "password": "m12)hf98lu'N9sOCtya_",
            "password_length": 20,
            "password_reset_required": true,
            "pgp_key": null,
            "user": "etl-user3"
          },
          "sensitive_attributes": [
            [
              {
                "type": "get_attr",
                "value": "password"
              }
            ]
          ],
          "identity_schema_version": 0,
          "private": "bnVsbA==",
          "dependencies": [
            "aws_iam_user.users"
          ]
        },
        {
          "index_key": "ext_adherent_user",
          "schema_version": 0,
          "attributes": {
            "encrypted_password": null,
            "id": "ext_adherent_user",
            "key_fingerprint": null,
            "password": "ku@9iunz5i%4*KedIoTM",
            "password_length": 20,
            "password_reset_required": true,
            "pgp_key": null,
            "user": "ext_adherent_user"
          },
          "sensitive_attributes": [
            [
              {
                "type": "get_attr",
                "value": "password"
              }
            ]
          ],
          "identity_schema_version": 0,
          "private": "bnVsbA==",
          "dependencies": [
            "aws_iam_user.users"
          ]
        }
      ]
    },
    {
      "mode": "managed",
      "type": "aws_s3_bucket",
      "name": "main_buckets",
      "provider": "provider[\"registry.terraform.io/hashicorp/aws\"]",
      "instances": [
        {
          "index_key": "incoming-pc-adherent",
          "schema_version": 0,
          "attributes": {
            "acceleration_status": "",
            "acl": null,
            "arn": "arn:aws:s3:::incoming-pc-adherent",
            "bucket": "incoming-pc-adherent",
            "bucket_domain_name": "incoming-pc-adherent.s3.amazonaws.com",
            "bucket_prefix": "",
            "bucket_region": "us-west-2",
            "bucket_regional_domain_name": "incoming-pc-adherent.s3.us-west-2.amazonaws.com",
            "cors_rule": [],
            "force_destroy": false,
            "grant": [
              {
                "id": "718c7a01099c41404536dc2dab04791ee43fffc21489166cf61af15021e02d7a",
                "permissions": [
                  "FULL_CONTROL"
                ],
                "type": "CanonicalUser",
                "uri": ""
              }
            ],
            "hosted_zone_id": "Z3BJ6K6RIION7M",
            "id": "incoming-pc-adherent",
            "lifecycle_rule": [],
            "logging": [],
            "object_lock_configuration": [],
            "object_lock_enabled": false,
            "policy": "",
            "region": "us-west-2",
            "replication_configuration": [],
            "request_payer": "BucketOwner",
            "server_side_encryption_configuration": [
              {
                "rule": [
                  {
                    "apply_server_side_encryption_by_default": [
                      {
                        "kms_master_key_id": "",
                        "sse_algorithm": "AES256"
                      }
                    ],
                    "bucket_key_enabled": false
                  }
                ]
              }
            ],
            "tags": null,
            "tags_all": {},
            "timeouts": null,
            "versioning": [
              {
                "enabled": false,
                "mfa_delete": false
              }
            ],
            "website": [],
            "website_domain": null,
            "website_endpoint": null
          },
          "sensitive_attributes": [],
          "identity_schema_version": 0,
          "identity": {
            "account_id": "993756262222",
            "bucket": "incoming-pc-adherent",
            "region": "us-west-2"
          },
          "private": "eyJlMmJmYjczMC1lY2FhLTExZTYtOGY4OC0zNDM2M2JjN2M0YzAiOnsiY3JlYXRlIjoxMjAwMDAwMDAwMDAwLCJkZWxldGUiOjM2MDAwMDAwMDAwMDAsInJlYWQiOjEyMDAwMDAwMDAwMDAsInVwZGF0ZSI6MTIwMDAwMDAwMDAwMH19"
        }
      ]
    }
  ],
  "check_results": null
}
